// !$*UTF8*$!
{
	archiveVersion = 1;
	classes = {
	};
	objectVersion = 50;
	objects = {

/* Begin PBXBuildFile section */
		21978C4622B70020001A6993 /* AppDelegate.swift in Sources */ = {isa = PBXBuildFile; fileRef = 21978C4522B70020001A6993 /* AppDelegate.swift */; };
		21978C4822B70020001A6993 /* FlickrAPI.swift in Sources */ = {isa = PBXBuildFile; fileRef = 21978C4722B70020001A6993 /* FlickrAPI.swift */; };
		21978C4B22B70020001A6993 /* Main.storyboard in Resources */ = {isa = PBXBuildFile; fileRef = 21978C4922B70020001A6993 /* Main.storyboard */; };
		21978C4E22B70020001A6993 /* VirtualTourist.xcdatamodeld in Sources */ = {isa = PBXBuildFile; fileRef = 21978C4C22B70020001A6993 /* VirtualTourist.xcdatamodeld */; };
		21978C5022B70022001A6993 /* Assets.xcassets in Resources */ = {isa = PBXBuildFile; fileRef = 21978C4F22B70022001A6993 /* Assets.xcassets */; };
		21978C5322B70022001A6993 /* LaunchScreen.storyboard in Resources */ = {isa = PBXBuildFile; fileRef = 21978C5122B70022001A6993 /* LaunchScreen.storyboard */; };
		21978C5B22BC76EF001A6993 /* MapVC.swift in Sources */ = {isa = PBXBuildFile; fileRef = 21978C5A22BC76EF001A6993 /* MapVC.swift */; };
		21978C5D22BC7721001A6993 /* PhotoAlbumVC.swift in Sources */ = {isa = PBXBuildFile; fileRef = 21978C5C22BC7721001A6993 /* PhotoAlbumVC.swift */; };
		21978C6122BC8C38001A6993 /* PhotoAlbumViewCell.swift in Sources */ = {isa = PBXBuildFile; fileRef = 21978C6022BC8C38001A6993 /* PhotoAlbumViewCell.swift */; };
		21978C6622BCF3DF001A6993 /* DataController.swift in Sources */ = {isa = PBXBuildFile; fileRef = 21978C6522BCF3DF001A6993 /* DataController.swift */; };
		21978C6822BD3E9F001A6993 /* Photo+Extension.swift in Sources */ = {isa = PBXBuildFile; fileRef = 21978C6722BD3E9E001A6993 /* Photo+Extension.swift */; };
		21978C6B22BDF098001A6993 /* Pin+Extension.swift in Sources */ = {isa = PBXBuildFile; fileRef = 21978C6A22BDF098001A6993 /* Pin+Extension.swift */; };
		21978C6D22BE11C4001A6993 /* Extension.swift in Sources */ = {isa = PBXBuildFile; fileRef = 21978C6C22BE11C4001A6993 /* Extension.swift */; };
		21978C6F22BE4AFE001A6993 /* FlickrAPI+Extension.swift in Sources */ = {isa = PBXBuildFile; fileRef = 21978C6E22BE4AFE001A6993 /* FlickrAPI+Extension.swift */; };
		21978C7722C01D0C001A6993 /* CustomImageView.swift in Sources */ = {isa = PBXBuildFile; fileRef = 21978C7622C01D0C001A6993 /* CustomImageView.swift */; };
		21ED81C822C04E770073F73A /* PhotoDetailVC.swift in Sources */ = {isa = PBXBuildFile; fileRef = 21ED81C722C04E770073F73A /* PhotoDetailVC.swift */; };
/* End PBXBuildFile section */

/* Begin PBXFileReference section */
		21978C4222B70020001A6993 /* VirtualTourist-2.0.app */ = {isa = PBXFileReference; explicitFileType = wrapper.application; includeInIndex = 0; path = "VirtualTourist-2.0.app"; sourceTree = BUILT_PRODUCTS_DIR; };
		21978C4522B70020001A6993 /* AppDelegate.swift */ = {isa = PBXFileReference; lastKnownFileType = sourcecode.swift; path = AppDelegate.swift; sourceTree = "<group>"; };
		21978C4722B70020001A6993 /* FlickrAPI.swift */ = {isa = PBXFileReference; lastKnownFileType = sourcecode.swift; path = FlickrAPI.swift; sourceTree = "<group>"; };
		21978C4A22B70020001A6993 /* Base */ = {isa = PBXFileReference; lastKnownFileType = file.storyboard; name = Base; path = Base.lproj/Main.storyboard; sourceTree = "<group>"; };
		21978C4D22B70020001A6993 /* VirtualTourist.xcdatamodel */ = {isa = PBXFileReference; lastKnownFileType = wrapper.xcdatamodel; path = VirtualTourist.xcdatamodel; sourceTree = "<group>"; };
		21978C4F22B70022001A6993 /* Assets.xcassets */ = {isa = PBXFileReference; lastKnownFileType = folder.assetcatalog; name = Assets.xcassets; path = ../Assets.xcassets; sourceTree = "<group>"; };
		21978C5222B70022001A6993 /* Base */ = {isa = PBXFileReference; lastKnownFileType = file.storyboard; name = Base; path = Base.lproj/LaunchScreen.storyboard; sourceTree = "<group>"; };
		21978C5422B70022001A6993 /* Info.plist */ = {isa = PBXFileReference; lastKnownFileType = text.plist.xml; path = Info.plist; sourceTree = "<group>"; };
		21978C5A22BC76EF001A6993 /* MapVC.swift */ = {isa = PBXFileReference; lastKnownFileType = sourcecode.swift; name = MapVC.swift; path = ../MapVC.swift; sourceTree = "<group>"; };
		21978C5C22BC7721001A6993 /* PhotoAlbumVC.swift */ = {isa = PBXFileReference; lastKnownFileType = sourcecode.swift; name = PhotoAlbumVC.swift; path = ../PhotoAlbumVC.swift; sourceTree = "<group>"; };
		21978C6022BC8C38001A6993 /* PhotoAlbumViewCell.swift */ = {isa = PBXFileReference; lastKnownFileType = sourcecode.swift; path = PhotoAlbumViewCell.swift; sourceTree = "<group>"; };
		21978C6522BCF3DF001A6993 /* DataController.swift */ = {isa = PBXFileReference; lastKnownFileType = sourcecode.swift; path = DataController.swift; sourceTree = "<group>"; };
		21978C6722BD3E9E001A6993 /* Photo+Extension.swift */ = {isa = PBXFileReference; lastKnownFileType = sourcecode.swift; path = "Photo+Extension.swift"; sourceTree = "<group>"; };
		21978C6A22BDF098001A6993 /* Pin+Extension.swift */ = {isa = PBXFileReference; lastKnownFileType = sourcecode.swift; path = "Pin+Extension.swift"; sourceTree = "<group>"; };
		21978C6C22BE11C4001A6993 /* Extension.swift */ = {isa = PBXFileReference; lastKnownFileType = sourcecode.swift; path = Extension.swift; sourceTree = "<group>"; };
		21978C6E22BE4AFE001A6993 /* FlickrAPI+Extension.swift */ = {isa = PBXFileReference; lastKnownFileType = sourcecode.swift; path = "FlickrAPI+Extension.swift"; sourceTree = "<group>"; };
		21978C7622C01D0C001A6993 /* CustomImageView.swift */ = {isa = PBXFileReference; lastKnownFileType = sourcecode.swift; path = CustomImageView.swift; sourceTree = "<group>"; };
		21ED81C722C04E770073F73A /* PhotoDetailVC.swift */ = {isa = PBXFileReference; lastKnownFileType = sourcecode.swift; path = PhotoDetailVC.swift; sourceTree = "<group>"; };
/* End PBXFileReference section */

/* Begin PBXFrameworksBuildPhase section */
		21978C3F22B70020001A6993 /* Frameworks */ = {
			isa = PBXFrameworksBuildPhase;
			buildActionMask = 2147483647;
			files = (
			);
			runOnlyForDeploymentPostprocessing = 0;
		};
/* End PBXFrameworksBuildPhase section */

/* Begin PBXGroup section */
		21978C3922B70020001A6993 = {
			isa = PBXGroup;
			children = (
				21978C4422B70020001A6993 /* VirtualTourist-2.0 */,
				21978C4322B70020001A6993 /* Products */,
			);
			sourceTree = "<group>";
		};
		21978C4322B70020001A6993 /* Products */ = {
			isa = PBXGroup;
			children = (
				21978C4222B70020001A6993 /* VirtualTourist-2.0.app */,
			);
			name = Products;
			sourceTree = "<group>";
		};
		21978C4422B70020001A6993 /* VirtualTourist-2.0 */ = {
			isa = PBXGroup;
			children = (
				21978C4522B70020001A6993 /* AppDelegate.swift */,
				21978C6C22BE11C4001A6993 /* Extension.swift */,
				21978C7022BE4B05001A6993 /* API */,
				21978C6422BCE59C001A6993 /* Models */,
				21978C5F22BC774E001A6993 /* Controllers */,
				21978C6222BC8CE9001A6993 /* Views */,
				21978C6322BC8D0A001A6993 /* Storyboards */,
				21978C7122BE94FF001A6993 /* Resources */,
			);
			path = "VirtualTourist-2.0";
			sourceTree = "<group>";
		};
		21978C5F22BC774E001A6993 /* Controllers */ = {
			isa = PBXGroup;
			children = (
				21978C5A22BC76EF001A6993 /* MapVC.swift */,
				21978C5C22BC7721001A6993 /* PhotoAlbumVC.swift */,
				21ED81C722C04E770073F73A /* PhotoDetailVC.swift */,
			);
			path = Controllers;
			sourceTree = "<group>";
		};
		21978C6222BC8CE9001A6993 /* Views */ = {
			isa = PBXGroup;
			children = (
				21978C6022BC8C38001A6993 /* PhotoAlbumViewCell.swift */,
				21978C7622C01D0C001A6993 /* CustomImageView.swift */,
			);
			path = Views;
			sourceTree = "<group>";
		};
		21978C6322BC8D0A001A6993 /* Storyboards */ = {
			isa = PBXGroup;
			children = (
				21978C4922B70020001A6993 /* Main.storyboard */,
				21978C5122B70022001A6993 /* LaunchScreen.storyboard */,
			);
			path = Storyboards;
			sourceTree = "<group>";
		};
		21978C6422BCE59C001A6993 /* Models */ = {
			isa = PBXGroup;
			children = (
				21978C4C22B70020001A6993 /* VirtualTourist.xcdatamodeld */,
				21978C6522BCF3DF001A6993 /* DataController.swift */,
				21978C6922BD3EA2001A6993 /* Managed Object Extensions */,
			);
			path = Models;
			sourceTree = "<group>";
		};
		21978C6922BD3EA2001A6993 /* Managed Object Extensions */ = {
			isa = PBXGroup;
			children = (
				21978C6722BD3E9E001A6993 /* Photo+Extension.swift */,
				21978C6A22BDF098001A6993 /* Pin+Extension.swift */,
			);
			path = "Managed Object Extensions";
			sourceTree = "<group>";
		};
		21978C7022BE4B05001A6993 /* API */ = {
			isa = PBXGroup;
			children = (
				21978C4722B70020001A6993 /* FlickrAPI.swift */,
				21978C6E22BE4AFE001A6993 /* FlickrAPI+Extension.swift */,
			);
			path = API;
			sourceTree = "<group>";
		};
		21978C7122BE94FF001A6993 /* Resources */ = {
			isa = PBXGroup;
			children = (
				21978C4F22B70022001A6993 /* Assets.xcassets */,
				21978C5422B70022001A6993 /* Info.plist */,
			);
			path = Resources;
			sourceTree = "<group>";
		};
/* End PBXGroup section */

/* Begin PBXNativeTarget section */
		21978C4122B70020001A6993 /* VirtualTourist-2.0 */ = {
			isa = PBXNativeTarget;
			buildConfigurationList = 21978C5722B70022001A6993 /* Build configuration list for PBXNativeTarget "VirtualTourist-2.0" */;
			buildPhases = (
				21978C3E22B70020001A6993 /* Sources */,
				21978C3F22B70020001A6993 /* Frameworks */,
				21978C4022B70020001A6993 /* Resources */,
			);
			buildRules = (
			);
			dependencies = (
			);
			name = "VirtualTourist-2.0";
			productName = VirtualTourist;
			productReference = 21978C4222B70020001A6993 /* VirtualTourist-2.0.app */;
			productType = "com.apple.product-type.application";
		};
/* End PBXNativeTarget section */

/* Begin PBXProject section */
		21978C3A22B70020001A6993 /* Project object */ = {
			isa = PBXProject;
			attributes = {
				LastSwiftUpdateCheck = 1020;
				LastUpgradeCheck = 1020;
				ORGANIZATIONNAME = Bushra;
				TargetAttributes = {
					21978C4122B70020001A6993 = {
						CreatedOnToolsVersion = 10.2.1;
					};
				};
			};
			buildConfigurationList = 21978C3D22B70020001A6993 /* Build configuration list for PBXProject "VirtualTourist-2.0" */;
			compatibilityVersion = "Xcode 9.3";
			developmentRegion = en;
			hasScannedForEncodings = 0;
			knownRegions = (
				en,
				Base,
			);
			mainGroup = 21978C3922B70020001A6993;
			productRefGroup = 21978C4322B70020001A6993 /* Products */;
			projectDirPath = "";
			projectRoot = "";
			targets = (
				21978C4122B70020001A6993 /* VirtualTourist-2.0 */,
			);
		};
/* End PBXProject section */

/* Begin PBXResourcesBuildPhase section */
		21978C4022B70020001A6993 /* Resources */ = {
			isa = PBXResourcesBuildPhase;
			buildActionMask = 2147483647;
			files = (
				21978C5322B70022001A6993 /* LaunchScreen.storyboard in Resources */,
				21978C5022B70022001A6993 /* Assets.xcassets in Resources */,
				21978C4B22B70020001A6993 /* Main.storyboard in Resources */,
			);
			runOnlyForDeploymentPostprocessing = 0;
		};
/* End PBXResourcesBuildPhase section */

/* Begin PBXSourcesBuildPhase section */
		21978C3E22B70020001A6993 /* Sources */ = {
			isa = PBXSourcesBuildPhase;
			buildActionMask = 2147483647;
			files = (
				21978C6622BCF3DF001A6993 /* DataController.swift in Sources */,
				21978C7722C01D0C001A6993 /* CustomImageView.swift in Sources */,
				21978C4822B70020001A6993 /* FlickrAPI.swift in Sources */,
				21978C6822BD3E9F001A6993 /* Photo+Extension.swift in Sources */,
				21978C6122BC8C38001A6993 /* PhotoAlbumViewCell.swift in Sources */,
				21ED81C822C04E770073F73A /* PhotoDetailVC.swift in Sources */,
				21978C5B22BC76EF001A6993 /* MapVC.swift in Sources */,
				21978C6D22BE11C4001A6993 /* Extension.swift in Sources */,
				21978C4622B70020001A6993 /* AppDelegate.swift in Sources */,
				21978C6F22BE4AFE001A6993 /* FlickrAPI+Extension.swift in Sources */,
				21978C4E22B70020001A6993 /* VirtualTourist.xcdatamodeld in Sources */,
				21978C5D22BC7721001A6993 /* PhotoAlbumVC.swift in Sources */,
				21978C6B22BDF098001A6993 /* Pin+Extension.swift in Sources */,
			);
			runOnlyForDeploymentPostprocessing = 0;
		};
/* End PBXSourcesBuildPhase section */

/* Begin PBXVariantGroup section */
		21978C4922B70020001A6993 /* Main.storyboard */ = {
			isa = PBXVariantGroup;
			children = (
				21978C4A22B70020001A6993 /* Base */,
			);
			name = Main.storyboard;
			sourceTree = "<group>";
		};
		21978C5122B70022001A6993 /* LaunchScreen.storyboard */ = {
			isa = PBXVariantGroup;
			children = (
				21978C5222B70022001A6993 /* Base */,
			);
			name = LaunchScreen.storyboard;
			sourceTree = "<group>";
		};
/* End PBXVariantGroup section */

/* Begin XCBuildConfiguration section */
		21978C5522B70022001A6993 /* Debug */ = {
			isa = XCBuildConfiguration;
			buildSettings = {
				ALWAYS_SEARCH_USER_PATHS = NO;
				CLANG_ANALYZER_NONNULL = YES;
				CLANG_ANALYZER_NUMBER_OBJECT_CONVERSION = YES_AGGRESSIVE;
				CLANG_CXX_LANGUAGE_STANDARD = "gnu++14";
				CLANG_CXX_LIBRARY = "libc++";
				CLANG_ENABLE_MODULES = YES;
				CLANG_ENABLE_OBJC_ARC = YES;
				CLANG_ENABLE_OBJC_WEAK = YES;
				CLANG_WARN_BLOCK_CAPTURE_AUTORELEASING = YES;
				CLANG_WARN_BOOL_CONVERSION = YES;
				CLANG_WARN_COMMA = YES;
				CLANG_WARN_CONSTANT_CONVERSION = YES;
				CLANG_WARN_DEPRECATED_OBJC_IMPLEMENTATIONS = YES;
				CLANG_WARN_DIRECT_OBJC_ISA_USAGE = YES_ERROR;
				CLANG_WARN_DOCUMENTATION_COMMENTS = YES;
				CLANG_WARN_EMPTY_BODY = YES;
				CLANG_WARN_ENUM_CONVERSION = YES;
				CLANG_WARN_INFINITE_RECURSION = YES;
				CLANG_WARN_INT_CONVERSION = YES;
				CLANG_WARN_NON_LITERAL_NULL_CONVERSION = YES;
				CLANG_WARN_OBJC_IMPLICIT_RETAIN_SELF = YES;
				CLANG_WARN_OBJC_LITERAL_CONVERSION = YES;
				CLANG_WARN_OBJC_ROOT_CLASS = YES_ERROR;
				CLANG_WARN_RANGE_LOOP_ANALYSIS = YES;
				CLANG_WARN_STRICT_PROTOTYPES = YES;
				CLANG_WARN_SUSPICIOUS_MOVE = YES;
				CLANG_WARN_UNGUARDED_AVAILABILITY = YES_AGGRESSIVE;
				CLANG_WARN_UNREACHABLE_CODE = YES;
				CLANG_WARN__DUPLICATE_METHOD_MATCH = YES;
				CODE_SIGN_IDENTITY = "iPhone Developer";
				COPY_PHASE_STRIP = NO;
				DEBUG_INFORMATION_FORMAT = dwarf;
				ENABLE_STRICT_OBJC_MSGSEND = YES;
				ENABLE_TESTABILITY = YES;
				GCC_C_LANGUAGE_STANDARD = gnu11;
				GCC_DYNAMIC_NO_PIC = NO;
				GCC_NO_COMMON_BLOCKS = YES;
				GCC_OPTIMIZATION_LEVEL = 0;
				GCC_PREPROCESSOR_DEFINITIONS = (
					"DEBUG=1",
					"$(inherited)",
				);
				GCC_WARN_64_TO_32_BIT_CONVERSION = YES;
				GCC_WARN_ABOUT_RETURN_TYPE = YES_ERROR;
				GCC_WARN_UNDECLARED_SELECTOR = YES;
				GCC_WARN_UNINITIALIZED_AUTOS = YES_AGGRESSIVE;
				GCC_WARN_UNUSED_FUNCTION = YES;
				GCC_WARN_UNUSED_VARIABLE = YES;
				IPHONEOS_DEPLOYMENT_TARGET = 12.2;
				MTL_ENABLE_DEBUG_INFO = INCLUDE_SOURCE;
				MTL_FAST_MATH = YES;
				ONLY_ACTIVE_ARCH = YES;
				SDKROOT = iphoneos;
				SWIFT_ACTIVE_COMPILATION_CONDITIONS = DEBUG;
				SWIFT_OPTIMIZATION_LEVEL = "-Onone";
			};
			name = Debug;
		};
		21978C5622B70022001A6993 /* Release */ = {
			isa = XCBuildConfiguration;
			buildSettings = {
				ALWAYS_SEARCH_USER_PATHS = NO;
				CLANG_ANALYZER_NONNULL = YES;
				CLANG_ANALYZER_NUMBER_OBJECT_CONVERSION = YES_AGGRESSIVE;
				CLANG_CXX_LANGUAGE_STANDARD = "gnu++14";
				CLANG_CXX_LIBRARY = "libc++";
				CLANG_ENABLE_MODULES = YES;
				CLANG_ENABLE_OBJC_ARC = YES;
				CLANG_ENABLE_OBJC_WEAK = YES;
				CLANG_WARN_BLOCK_CAPTURE_AUTORELEASING = YES;
				CLANG_WARN_BOOL_CONVERSION = YES;
				CLANG_WARN_COMMA = YES;
				CLANG_WARN_CONSTANT_CONVERSION = YES;
				CLANG_WARN_DEPRECATED_OBJC_IMPLEMENTATIONS = YES;
				CLANG_WARN_DIRECT_OBJC_ISA_USAGE = YES_ERROR;
				CLANG_WARN_DOCUMENTATION_COMMENTS = YES;
				CLANG_WARN_EMPTY_BODY = YES;
				CLANG_WARN_ENUM_CONVERSION = YES;
				CLANG_WARN_INFINITE_RECURSION = YES;
				CLANG_WARN_INT_CONVERSION = YES;
				CLANG_WARN_NON_LITERAL_NULL_CONVERSION = YES;
				CLANG_WARN_OBJC_IMPLICIT_RETAIN_SELF = YES;
				CLANG_WARN_OBJC_LITERAL_CONVERSION = YES;
				CLANG_WARN_OBJC_ROOT_CLASS = YES_ERROR;
				CLANG_WARN_RANGE_LOOP_ANALYSIS = YES;
				CLANG_WARN_STRICT_PROTOTYPES = YES;
				CLANG_WARN_SUSPICIOUS_MOVE = YES;
				CLANG_WARN_UNGUARDED_AVAILABILITY = YES_AGGRESSIVE;
				CLANG_WARN_UNREACHABLE_CODE = YES;
				CLANG_WARN__DUPLICATE_METHOD_MATCH = YES;
				CODE_SIGN_IDENTITY = "iPhone Developer";
				COPY_PHASE_STRIP = NO;
				DEBUG_INFORMATION_FORMAT = "dwarf-with-dsym";
				ENABLE_NS_ASSERTIONS = NO;
				ENABLE_STRICT_OBJC_MSGSEND = YES;
				GCC_C_LANGUAGE_STANDARD = gnu11;
				GCC_NO_COMMON_BLOCKS = YES;
				GCC_WARN_64_TO_32_BIT_CONVERSION = YES;
				GCC_WARN_ABOUT_RETURN_TYPE = YES_ERROR;
				GCC_WARN_UNDECLARED_SELECTOR = YES;
				GCC_WARN_UNINITIALIZED_AUTOS = YES_AGGRESSIVE;
				GCC_WARN_UNUSED_FUNCTION = YES;
				GCC_WARN_UNUSED_VARIABLE = YES;
				IPHONEOS_DEPLOYMENT_TARGET = 12.2;
				MTL_ENABLE_DEBUG_INFO = NO;
				MTL_FAST_MATH = YES;
				SDKROOT = iphoneos;
				SWIFT_COMPILATION_MODE = wholemodule;
				SWIFT_OPTIMIZATION_LEVEL = "-O";
				VALIDATE_PRODUCT = YES;
			};
			name = Release;
		};
		21978C5822B70022001A6993 /* Debug */ = {
			isa = XCBuildConfiguration;
			buildSettings = {
				ASSETCATALOG_COMPILER_APPICON_NAME = AppIcon;
				CODE_SIGN_STYLE = Automatic;
				DEVELOPMENT_TEAM = 8K5FD4GCFZ;
				INFOPLIST_FILE = "$(SRCROOT)/VirtualTourist-2.0/Resources/Info.plist";
				LD_RUNPATH_SEARCH_PATHS = (
					"$(inherited)",
					"@executable_path/Frameworks",
				);
				PRODUCT_BUNDLE_IDENTIFIER = com.bushra.VirtualTourist;
				PRODUCT_NAME = "$(TARGET_NAME)";
				SWIFT_VERSION = 5.0;
				TARGETED_DEVICE_FAMILY = "1,2";
			};
			name = Debug;
		};
		21978C5922B70022001A6993 /* Release */ = {
			isa = XCBuildConfiguration;
			buildSettings = {
				ASSETCATALOG_COMPILER_APPICON_NAME = AppIcon;
				CODE_SIGN_STYLE = Automatic;
				DEVELOPMENT_TEAM = 8K5FD4GCFZ;
				INFOPLIST_FILE = "$(SRCROOT)/VirtualTourist-2.0/Resources/Info.plist";
				LD_RUNPATH_SEARCH_PATHS = (
					"$(inherited)",
					"@executable_path/Frameworks",
				);
				PRODUCT_BUNDLE_IDENTIFIER = com.bushra.VirtualTourist;
				PRODUCT_NAME = "$(TARGET_NAME)";
				SWIFT_VERSION = 5.0;
				TARGETED_DEVICE_FAMILY = "1,2";
			};
			name = Release;
		};
/* End XCBuildConfiguration section */

/* Begin XCConfigurationList section */
		21978C3D22B70020001A6993 /* Build configuration list for PBXProject "VirtualTourist-2.0" */ = {
			isa = XCConfigurationList;
			buildConfigurations = (
				21978C5522B70022001A6993 /* Debug */,
				21978C5622B70022001A6993 /* Release */,
			);
			defaultConfigurationIsVisible = 0;
			defaultConfigurationName = Release;
		};
		21978C5722B70022001A6993 /* Build configuration list for PBXNativeTarget "VirtualTourist-2.0" */ = {
			isa = XCConfigurationList;
			buildConfigurations = (
				21978C5822B70022001A6993 /* Debug */,
				21978C5922B70022001A6993 /* Release */,
			);
			defaultConfigurationIsVisible = 0;
			defaultConfigurationName = Release;
		};
/* End XCConfigurationList section */

/* Begin XCVersionGroup section */
		21978C4C22B70020001A6993 /* VirtualTourist.xcdatamodeld */ = {
			isa = XCVersionGroup;
			children = (
				21978C4D22B70020001A6993 /* VirtualTourist.xcdatamodel */,
			);
			currentVersion = 21978C4D22B70020001A6993 /* VirtualTourist.xcdatamodel */;
			path = VirtualTourist.xcdatamodeld;
			sourceTree = "<group>";
			versionGroupType = wrapper.xcdatamodel;
		};
/* End XCVersionGroup section */
	};
	rootObject = 21978C3A22B70020001A6993 /* Project object */;
}
